// !$*UTF8*$!
{
	archiveVersion = 1;
	classes = {
	};
	objectVersion = 77;
	objects = {

/* Begin PBXContainerItemProxy section */
		D342C2F62F06DAE1002B56F7 /* PBXContainerItemProxy */ = {
			isa = PBXContainerItemProxy;
			containerPortal = D342C2DD2F06DADF002B56F7 /* Project object */;
			proxyType = 1;
			remoteGlobalIDString = D342C2E42F06DADF002B56F7;
			remoteInfo = DropSquash;
		};
		D342C3002F06DAE1002B56F7 /* PBXContainerItemProxy */ = {
			isa = PBXContainerItemProxy;
			containerPortal = D342C2DD2F06DADF002B56F7 /* Project object */;
			proxyType = 1;
			remoteGlobalIDString = D342C2E42F06DADF002B56F7;
			remoteInfo = DropSquash;
		};
/* End PBXContainerItemProxy section */

/* Begin PBXFileReference section */
		D342C2E52F06DADF002B56F7 /* DropSquash.app */ = {isa = PBXFileReference; explicitFileType = wrapper.application; includeInIndex = 0; path = DropSquash.app; sourceTree = BUILT_PRODUCTS_DIR; };
		D342C2F52F06DAE1002B56F7 /* DropSquashTests.xctest */ = {isa = PBXFileReference; explicitFileType = wrapper.cfbundle; includeInIndex = 0; path = DropSquashTests.xctest; sourceTree = BUILT_PRODUCTS_DIR; };
		D342C2FF2F06DAE1002B56F7 /* DropSquashUITests.xctest */ = {isa = PBXFileReference; explicitFileType = wrapper.cfbundle; includeInIndex = 0; path = DropSquashUITests.xctest; sourceTree = BUILT_PRODUCTS_DIR; };
/* End PBXFileReference section */

/* Begin PBXFileSystemSynchronizedRootGroup section */
		D342C2E72F06DADF002B56F7 /* DropSquash */ = {
			isa = PBXFileSystemSynchronizedRootGroup;
			path = DropSquash;
			sourceTree = "<group>";
		};
		D342C2F82F06DAE1002B56F7 /* DropSquashTests */ = {
			isa = PBXFileSystemSynchronizedRootGroup;
			path = DropSquashTests;
			sourceTree = "<group>";
		};
		D342C3022F06DAE1002B56F7 /* DropSquashUITests */ = {
			isa = PBXFileSystemSynchronizedRootGroup;
			path = DropSquashUITests;
			sourceTree = "<group>";
		};
/* End PBXFileSystemSynchronizedRootGroup section */

/* Begin PBXFrameworksBuildPhase section */
		D342C2E22F06DADF002B56F7 /* Frameworks */ = {
			isa = PBXFrameworksBuildPhase;
			buildActionMask = 2147483647;
			files = (
			);
			runOnlyForDeploymentPostprocessing = 0;
		};
		D342C2F22F06DAE1002B56F7 /* Frameworks */ = {
			isa = PBXFrameworksBuildPhase;
			buildActionMask = 2147483647;
			files = (
			);
			runOnlyForDeploymentPostprocessing = 0;
		};
		D342C2FC2F06DAE1002B56F7 /* Frameworks */ = {
			isa = PBXFrameworksBuildPhase;
			buildActionMask = 2147483647;
			files = (
			);
			runOnlyForDeploymentPostprocessing = 0;
		};
/* End PBXFrameworksBuildPhase section */

/* Begin PBXGroup section */
		D342C2DC2F06DADF002B56F7 = {
			isa = PBXGroup;
			children = (
				D342C2E72F06DADF002B56F7 /* DropSquash */,
				D342C2F82F06DAE1002B56F7 /* DropSquashTests */,
				D342C3022F06DAE1002B56F7 /* DropSquashUITests */,
				D342C2E62F06DADF002B56F7 /* Products */,
			);
			sourceTree = "<group>";
		};
		D342C2E62F06DADF002B56F7 /* Products */ = {
			isa = PBXGroup;
			children = (
				D342C2E52F06DADF002B56F7 /* DropSquash.app */,
				D342C2F52F06DAE1002B56F7 /* DropSquashTests.xctest */,
				D342C2FF2F06DAE1002B56F7 /* DropSquashUITests.xctest */,
			);
			name = Products;
			sourceTree = "<group>";
		};
/* End PBXGroup section */

/* Begin PBXNativeTarget section */
		D342C2E42F06DADF002B56F7 /* DropSquash */ = {
			isa = PBXNativeTarget;
			buildConfigurationList = D342C3092F06DAE1002B56F7 /* Build configuration list for PBXNativeTarget "DropSquash" */;
			buildPhases = (
				D342C2E12F06DADF002B56F7 /* Sources */,
				D342C2E22F06DADF002B56F7 /* Frameworks */,
				D342C2E32F06DADF002B56F7 /* Resources */,
			);
			buildRules = (
			);
			dependencies = (
			);
			fileSystemSynchronizedGroups = (
				D342C2E72F06DADF002B56F7 /* DropSquash */,
			);
			name = DropSquash;
			packageProductDependencies = (
			);
			productName = DropSquash;
			productReference = D342C2E52F06DADF002B56F7 /* DropSquash.app */;
			productType = "com.apple.product-type.application";
		};
		D342C2F42F06DAE1002B56F7 /* DropSquashTests */ = {
			isa = PBXNativeTarget;
			buildConfigurationList = D342C30C2F06DAE1002B56F7 /* Build configuration list for PBXNativeTarget "DropSquashTests" */;
			buildPhases = (
				D342C2F12F06DAE1002B56F7 /* Sources */,
				D342C2F22F06DAE1002B56F7 /* Frameworks */,
				D342C2F32F06DAE1002B56F7 /* Resources */,
			);
			buildRules = (
			);
			dependencies = (
				D342C2F72F06DAE1002B56F7 /* PBXTargetDependency */,
			);
			fileSystemSynchronizedGroups = (
				D342C2F82F06DAE1002B56F7 /* DropSquashTests */,
			);
			name = DropSquashTests;
			packageProductDependencies = (
			);
			productName = DropSquashTests;
			productReference = D342C2F52F06DAE1002B56F7 /* DropSquashTests.xctest */;
			productType = "com.apple.product-type.bundle.unit-test";
		};
		D342C2FE2F06DAE1002B56F7 /* DropSquashUITests */ = {
			isa = PBXNativeTarget;
			buildConfigurationList = D342C30F2F06DAE1002B56F7 /* Build configuration list for PBXNativeTarget "DropSquashUITests" */;
			buildPhases = (
				D342C2FB2F06DAE1002B56F7 /* Sources */,
				D342C2FC2F06DAE1002B56F7 /* Frameworks */,
				D342C2FD2F06DAE1002B56F7 /* Resources */,
			);
			buildRules = (
			);
			dependencies = (
				D342C3012F06DAE1002B56F7 /* PBXTargetDependency */,
			);
			fileSystemSynchronizedGroups = (
				D342C3022F06DAE1002B56F7 /* DropSquashUITests */,
			);
			name = DropSquashUITests;
			packageProductDependencies = (
			);
			productName = DropSquashUITests;
			productReference = D342C2FF2F06DAE1002B56F7 /* DropSquashUITests.xctest */;
			productType = "com.apple.product-type.bundle.ui-testing";
		};
/* End PBXNativeTarget section */

/* Begin PBXProject section */
		D342C2DD2F06DADF002B56F7 /* Project object */ = {
			isa = PBXProject;
			attributes = {
				BuildIndependentTargetsInParallel = 1;
				LastSwiftUpdateCheck = 1640;
				LastUpgradeCheck = 1640;
				TargetAttributes = {
					D342C2E42F06DADF002B56F7 = {
						CreatedOnToolsVersion = 16.4;
					};
					D342C2F42F06DAE1002B56F7 = {
						CreatedOnToolsVersion = 16.4;
						TestTargetID = D342C2E42F06DADF002B56F7;
					};
					D342C2FE2F06DAE1002B56F7 = {
						CreatedOnToolsVersion = 16.4;
						TestTargetID = D342C2E42F06DADF002B56F7;
					};
				};
			};
			buildConfigurationList = D342C2E02F06DADF002B56F7 /* Build configuration list for PBXProject "DropSquash" */;
			developmentRegion = en;
			hasScannedForEncodings = 0;
			knownRegions = (
				en,
				Base,
			);
			mainGroup = D342C2DC2F06DADF002B56F7;
			minimizedProjectReferenceProxies = 1;
			preferredProjectObjectVersion = 77;
			productRefGroup = D342C2E62F06DADF002B56F7 /* Products */;
			projectDirPath = "";
			projectRoot = "";
			targets = (
				D342C2E42F06DADF002B56F7 /* DropSquash */,
				D342C2F42F06DAE1002B56F7 /* DropSquashTests */,
				D342C2FE2F06DAE1002B56F7 /* DropSquashUITests */,
			);
		};
/* End PBXProject section */

/* Begin PBXResourcesBuildPhase section */
		D342C2E32F06DADF002B56F7 /* Resources */ = {
			isa = PBXResourcesBuildPhase;
			buildActionMask = 2147483647;
			files = (
			);
			runOnlyForDeploymentPostprocessing = 0;
		};
		D342C2F32F06DAE1002B56F7 /* Resources */ = {
			isa = PBXResourcesBuildPhase;
			buildActionMask = 2147483647;
			files = (
			);
			runOnlyForDeploymentPostprocessing = 0;
		};
		D342C2FD2F06DAE1002B56F7 /* Resources */ = {
			isa = PBXResourcesBuildPhase;
			buildActionMask = 2147483647;
			files = (
			);
			runOnlyForDeploymentPostprocessing = 0;
		};
/* End PBXResourcesBuildPhase section */

/* Begin PBXSourcesBuildPhase section */
		D342C2E12F06DADF002B56F7 /* Sources */ = {
			isa = PBXSourcesBuildPhase;
			buildActionMask = 2147483647;
			files = (
			);
			runOnlyForDeploymentPostprocessing = 0;
		};
		D342C2F12F06DAE1002B56F7 /* Sources */ = {
			isa = PBXSourcesBuildPhase;
			buildActionMask = 2147483647;
			files = (
			);
			runOnlyForDeploymentPostprocessing = 0;
		};
		D342C2FB2F06DAE1002B56F7 /* Sources */ = {
			isa = PBXSourcesBuildPhase;
			buildActionMask = 2147483647;
			files = (
			);
			runOnlyForDeploymentPostprocessing = 0;
		};
/* End PBXSourcesBuildPhase section */

/* Begin PBXTargetDependency section */
		D342C2F72F06DAE1002B56F7 /* PBXTargetDependency */ = {
			isa = PBXTargetDependency;
			target = D342C2E42F06DADF002B56F7 /* DropSquash */;
			targetProxy = D342C2F62F06DAE1002B56F7 /* PBXContainerItemProxy */;
		};
		D342C3012F06DAE1002B56F7 /* PBXTargetDependency */ = {
			isa = PBXTargetDependency;
			target = D342C2E42F06DADF002B56F7 /* DropSquash */;
			targetProxy = D342C3002F06DAE1002B56F7 /* PBXContainerItemProxy */;
		};
/* End PBXTargetDependency section */

/* Begin XCBuildConfiguration section */
		D342C3072F06DAE1002B56F7 /* Debug */ = {
			isa = XCBuildConfiguration;
			buildSettings = {
				ALWAYS_SEARCH_USER_PATHS = NO;
				ASSETCATALOG_COMPILER_GENERATE_SWIFT_ASSET_SYMBOL_EXTENSIONS = YES;
				CLANG_ANALYZER_NONNULL = YES;
				CLANG_ANALYZER_NUMBER_OBJECT_CONVERSION = YES_AGGRESSIVE;
				CLANG_CXX_LANGUAGE_STANDARD = "gnu++20";
				CLANG_ENABLE_MODULES = YES;
				CLANG_ENABLE_OBJC_ARC = YES;
				CLANG_ENABLE_OBJC_WEAK = YES;
				CLANG_WARN_BLOCK_CAPTURE_AUTORELEASING = YES;
				CLANG_WARN_BOOL_CONVERSION = YES;
				CLANG_WARN_COMMA = YES;
				CLANG_WARN_CONSTANT_CONVERSION = YES;
				CLANG_WARN_DEPRECATED_OBJC_IMPLEMENTATIONS = YES;
				CLANG_WARN_DIRECT_OBJC_ISA_USAGE = YES_ERROR;
				CLANG_WARN_DOCUMENTATION_COMMENTS = YES;
				CLANG_WARN_EMPTY_BODY = YES;
				CLANG_WARN_ENUM_CONVERSION = YES;
				CLANG_WARN_INFINITE_RECURSION = YES;
				CLANG_WARN_INT_CONVERSION = YES;
				CLANG_WARN_NON_LITERAL_NULL_CONVERSION = YES;
				CLANG_WARN_OBJC_IMPLICIT_RETAIN_SELF = YES;
				CLANG_WARN_OBJC_LITERAL_CONVERSION = YES;
				CLANG_WARN_OBJC_ROOT_CLASS = YES_ERROR;
				CLANG_WARN_QUOTED_INCLUDE_IN_FRAMEWORK_HEADER = YES;
				CLANG_WARN_RANGE_LOOP_ANALYSIS = YES;
				CLANG_WARN_STRICT_PROTOTYPES = YES;
				CLANG_WARN_SUSPICIOUS_MOVE = YES;
				CLANG_WARN_UNGUARDED_AVAILABILITY = YES_AGGRESSIVE;
				CLANG_WARN_UNREACHABLE_CODE = YES;
				CLANG_WARN__DUPLICATE_METHOD_MATCH = YES;
				COPY_PHASE_STRIP = NO;
				DEBUG_INFORMATION_FORMAT = dwarf;
				DEVELOPMENT_TEAM = 9UZ2D8WJPK;
				ENABLE_STRICT_OBJC_MSGSEND = YES;
				ENABLE_TESTABILITY = YES;
				ENABLE_USER_SCRIPT_SANDBOXING = YES;
				GCC_C_LANGUAGE_STANDARD = gnu17;
				GCC_DYNAMIC_NO_PIC = NO;
				GCC_NO_COMMON_BLOCKS = YES;
				GCC_OPTIMIZATION_LEVEL = 0;
				GCC_PREPROCESSOR_DEFINITIONS = (
					"DEBUG=1",
					"$(inherited)",
				);
				GCC_WARN_64_TO_32_BIT_CONVERSION = YES;
				GCC_WARN_ABOUT_RETURN_TYPE = YES_ERROR;
				GCC_WARN_UNDECLARED_SELECTOR = YES;
				GCC_WARN_UNINITIALIZED_AUTOS = YES_AGGRESSIVE;
				GCC_WARN_UNUSED_FUNCTION = YES;
				GCC_WARN_UNUSED_VARIABLE = YES;
				LOCALIZATION_PREFERS_STRING_CATALOGS = YES;
				MACOSX_DEPLOYMENT_TARGET = 15.5;
				MTL_ENABLE_DEBUG_INFO = INCLUDE_SOURCE;
				MTL_FAST_MATH = YES;
				ONLY_ACTIVE_ARCH = YES;
				SDKROOT = macosx;
				SWIFT_ACTIVE_COMPILATION_CONDITIONS = "DEBUG $(inherited)";
				SWIFT_OPTIMIZATION_LEVEL = "-Onone";
			};
			name = Debug;
		};
		D342C3082F06DAE1002B56F7 /* Release */ = {
			isa = XCBuildConfiguration;
			buildSettings = {
				ALWAYS_SEARCH_USER_PATHS = NO;
				ASSETCATALOG_COMPILER_GENERATE_SWIFT_ASSET_SYMBOL_EXTENSIONS = YES;
				CLANG_ANALYZER_NONNULL = YES;
				CLANG_ANALYZER_NUMBER_OBJECT_CONVERSION = YES_AGGRESSIVE;
				CLANG_CXX_LANGUAGE_STANDARD = "gnu++20";
				CLANG_ENABLE_MODULES = YES;
				CLANG_ENABLE_OBJC_ARC = YES;
				CLANG_ENABLE_OBJC_WEAK = YES;
				CLANG_WARN_BLOCK_CAPTURE_AUTORELEASING = YES;
				CLANG_WARN_BOOL_CONVERSION = YES;
				CLANG_WARN_COMMA = YES;
				CLANG_WARN_CONSTANT_CONVERSION = YES;
				CLANG_WARN_DEPRECATED_OBJC_IMPLEMENTATIONS = YES;
				CLANG_WARN_DIRECT_OBJC_ISA_USAGE = YES_ERROR;
				CLANG_WARN_DOCUMENTATION_COMMENTS = YES;
				CLANG_WARN_EMPTY_BODY = YES;
				CLANG_WARN_ENUM_CONVERSION = YES;
				CLANG_WARN_INFINITE_RECURSION = YES;
				CLANG_WARN_INT_CONVERSION = YES;
				CLANG_WARN_NON_LITERAL_NULL_CONVERSION = YES;
				CLANG_WARN_OBJC_IMPLICIT_RETAIN_SELF = YES;
				CLANG_WARN_OBJC_LITERAL_CONVERSION = YES;
				CLANG_WARN_OBJC_ROOT_CLASS = YES_ERROR;
				CLANG_WARN_QUOTED_INCLUDE_IN_FRAMEWORK_HEADER = YES;
				CLANG_WARN_RANGE_LOOP_ANALYSIS = YES;
				CLANG_WARN_STRICT_PROTOTYPES = YES;
				CLANG_WARN_SUSPICIOUS_MOVE = YES;
				CLANG_WARN_UNGUARDED_AVAILABILITY = YES_AGGRESSIVE;
				CLANG_WARN_UNREACHABLE_CODE = YES;
				CLANG_WARN__DUPLICATE_METHOD_MATCH = YES;
				COPY_PHASE_STRIP = NO;
				DEBUG_INFORMATION_FORMAT = "dwarf-with-dsym";
				DEVELOPMENT_TEAM = 9UZ2D8WJPK;
				ENABLE_NS_ASSERTIONS = NO;
				ENABLE_STRICT_OBJC_MSGSEND = YES;
				ENABLE_USER_SCRIPT_SANDBOXING = YES;
				GCC_C_LANGUAGE_STANDARD = gnu17;
				GCC_NO_COMMON_BLOCKS = YES;
				GCC_WARN_64_TO_32_BIT_CONVERSION = YES;
				GCC_WARN_ABOUT_RETURN_TYPE = YES_ERROR;
				GCC_WARN_UNDECLARED_SELECTOR = YES;
				GCC_WARN_UNINITIALIZED_AUTOS = YES_AGGRESSIVE;
				GCC_WARN_UNUSED_FUNCTION = YES;
				GCC_WARN_UNUSED_VARIABLE = YES;
				LOCALIZATION_PREFERS_STRING_CATALOGS = YES;
				MACOSX_DEPLOYMENT_TARGET = 15.5;
				MTL_ENABLE_DEBUG_INFO = NO;
				MTL_FAST_MATH = YES;
				SDKROOT = macosx;
				SWIFT_COMPILATION_MODE = wholemodule;
			};
			name = Release;
		};
		D342C30A2F06DAE1002B56F7 /* Debug */ = {
			isa = XCBuildConfiguration;
			buildSettings = {
				ASSETCATALOG_COMPILER_APPICON_NAME = AppIcon;
				ASSETCATALOG_COMPILER_GLOBAL_ACCENT_COLOR_NAME = AccentColor;
				CODE_SIGN_ENTITLEMENTS = DropSquash/DropSquash.entitlements;
				CODE_SIGN_STYLE = Automatic;
				COMBINE_HIDPI_IMAGES = YES;
				CURRENT_PROJECT_VERSION = 1;
				DEVELOPMENT_TEAM = 9UZ2D8WJPK;
				ENABLE_HARDENED_RUNTIME = YES;
				ENABLE_PREVIEWS = YES;
				GENERATE_INFOPLIST_FILE = YES;
				INFOPLIST_KEY_NSHumanReadableCopyright = "";
				LD_RUNPATH_SEARCH_PATHS = (
					"$(inherited)",
					"@executable_path/../Frameworks",
				);
				MACOSX_DEPLOYMENT_TARGET = 14.0;
				MARKETING_VERSION = 1.0;
				PRODUCT_BUNDLE_IDENTIFIER = com.noseborg.DropSquash;
				PRODUCT_NAME = "$(TARGET_NAME)";
				REGISTER_APP_GROUPS = YES;
				SWIFT_EMIT_LOC_STRINGS = YES;
				SWIFT_VERSION = 5.0;
			};
			name = Debug;
		};
		D342C30B2F06DAE1002B56F7 /* Release */ = {
			isa = XCBuildConfiguration;
			buildSettings = {
				ASSETCATALOG_COMPILER_APPICON_NAME = AppIcon;
				ASSETCATALOG_COMPILER_GLOBAL_ACCENT_COLOR_NAME = AccentColor;
				CODE_SIGN_ENTITLEMENTS = DropSquash/DropSquash.entitlements;
				CODE_SIGN_STYLE = Automatic;
				COMBINE_HIDPI_IMAGES = YES;
				CURRENT_PROJECT_VERSION = 1;
				DEVELOPMENT_TEAM = 9UZ2D8WJPK;
				ENABLE_HARDENED_RUNTIME = YES;
				ENABLE_PREVIEWS = YES;
				GENERATE_INFOPLIST_FILE = YES;
				INFOPLIST_KEY_NSHumanReadableCopyright = "";
				LD_RUNPATH_SEARCH_PATHS = (
					"$(inherited)",
					"@executable_path/../Frameworks",
				);
				MACOSX_DEPLOYMENT_TARGET = 14.0;
				MARKETING_VERSION = 1.0;
				PRODUCT_BUNDLE_IDENTIFIER = com.noseborg.DropSquash;
				PRODUCT_NAME = "$(TARGET_NAME)";
				REGISTER_APP_GROUPS = YES;
				SWIFT_EMIT_LOC_STRINGS = YES;
				SWIFT_VERSION = 5.0;
			};
			name = Release;
		};
		D342C30D2F06DAE1002B56F7 /* Debug */ = {
			isa = XCBuildConfiguration;
			buildSettings = {
				BUNDLE_LOADER = "$(TEST_HOST)";
				CODE_SIGN_STYLE = Automatic;
				CURRENT_PROJECT_VERSION = 1;
				DEVELOPMENT_TEAM = 9UZ2D8WJPK;
				GENERATE_INFOPLIST_FILE = YES;
				MACOSX_DEPLOYMENT_TARGET = 14.0;
				MARKETING_VERSION = 1.0;
				PRODUCT_BUNDLE_IDENTIFIER = com.noseborg.DropSquashTests;
				PRODUCT_NAME = "$(TARGET_NAME)";
				SWIFT_EMIT_LOC_STRINGS = NO;
				SWIFT_VERSION = 5.0;
				TEST_HOST = "$(BUILT_PRODUCTS_DIR)/DropSquash.app/$(BUNDLE_EXECUTABLE_FOLDER_PATH)/DropSquash";
			};
			name = Debug;
		};
		D342C30E2F06DAE1002B56F7 /* Release */ = {
			isa = XCBuildConfiguration;
			buildSettings = {
				BUNDLE_LOADER = "$(TEST_HOST)";
				CODE_SIGN_STYLE = Automatic;
				CURRENT_PROJECT_VERSION = 1;
				DEVELOPMENT_TEAM = 9UZ2D8WJPK;
				GENERATE_INFOPLIST_FILE = YES;
				MACOSX_DEPLOYMENT_TARGET = 14.0;
				MARKETING_VERSION = 1.0;
				PRODUCT_BUNDLE_IDENTIFIER = com.noseborg.DropSquashTests;
				PRODUCT_NAME = "$(TARGET_NAME)";
				SWIFT_EMIT_LOC_STRINGS = NO;
				SWIFT_VERSION = 5.0;
				TEST_HOST = "$(BUILT_PRODUCTS_DIR)/DropSquash.app/$(BUNDLE_EXECUTABLE_FOLDER_PATH)/DropSquash";
			};
			name = Release;
		};
		D342C3102F06DAE1002B56F7 /* Debug */ = {
			isa = XCBuildConfiguration;
			buildSettings = {
				CODE_SIGN_STYLE = Automatic;
				CURRENT_PROJECT_VERSION = 1;
				DEVELOPMENT_TEAM = 9UZ2D8WJPK;
				GENERATE_INFOPLIST_FILE = YES;
				MARKETING_VERSION = 1.0;
				PRODUCT_BUNDLE_IDENTIFIER = com.noseborg.DropSquashUITests;
				PRODUCT_NAME = "$(TARGET_NAME)";
				SWIFT_EMIT_LOC_STRINGS = NO;
				SWIFT_VERSION = 5.0;
				TEST_TARGET_NAME = DropSquash;
			};
			name = Debug;
		};
		D342C3112F06DAE1002B56F7 /* Release */ = {
			isa = XCBuildConfiguration;
			buildSettings = {
				CODE_SIGN_STYLE = Automatic;
				CURRENT_PROJECT_VERSION = 1;
				DEVELOPMENT_TEAM = 9UZ2D8WJPK;
				GENERATE_INFOPLIST_FILE = YES;
				MARKETING_VERSION = 1.0;
				PRODUCT_BUNDLE_IDENTIFIER = com.noseborg.DropSquashUITests;
				PRODUCT_NAME = "$(TARGET_NAME)";
				SWIFT_EMIT_LOC_STRINGS = NO;
				SWIFT_VERSION = 5.0;
				TEST_TARGET_NAME = DropSquash;
			};
			name = Release;
		};
/* End XCBuildConfiguration section */

/* Begin XCConfigurationList section */
		D342C2E02F06DADF002B56F7 /* Build configuration list for PBXProject "DropSquash" */ = {
			isa = XCConfigurationList;
			buildConfigurations = (
				D342C3072F06DAE1002B56F7 /* Debug */,
				D342C3082F06DAE1002B56F7 /* Release */,
			);
			defaultConfigurationIsVisible = 0;
			defaultConfigurationName = Release;
		};
		D342C3092F06DAE1002B56F7 /* Build configuration list for PBXNativeTarget "DropSquash" */ = {
			isa = XCConfigurationList;
			buildConfigurations = (
				D342C30A2F06DAE1002B56F7 /* Debug */,
				D342C30B2F06DAE1002B56F7 /* Release */,
			);
			defaultConfigurationIsVisible = 0;
			defaultConfigurationName = Release;
		};
		D342C30C2F06DAE1002B56F7 /* Build configuration list for PBXNativeTarget "DropSquashTests" */ = {
			isa = XCConfigurationList;
			buildConfigurations = (
				D342C30D2F06DAE1002B56F7 /* Debug */,
				D342C30E2F06DAE1002B56F7 /* Release */,
			);
			defaultConfigurationIsVisible = 0;
			defaultConfigurationName = Release;
		};
		D342C30F2F06DAE1002B56F7 /* Build configuration list for PBXNativeTarget "DropSquashUITests" */ = {
			isa = XCConfigurationList;
			buildConfigurations = (
				D342C3102F06DAE1002B56F7 /* Debug */,
				D342C3112F06DAE1002B56F7 /* Release */,
			);
			defaultConfigurationIsVisible = 0;
			defaultConfigurationName = Release;
		};
/* End XCConfigurationList section */
	};
	rootObject = D342C2DD2F06DADF002B56F7 /* Project object */;
}
